{
    "_readme": [
        "This file locks the dependencies of your project to a known state",
        "Read more about it at https://getcomposer.org/doc/01-basic-usage.md#installing-dependencies",
        "This file is @generated automatically"
    ],
    "content-hash": "627cc41c6f5ccf203a83438166874525",
    "packages": [
        {
            "name": "beberlei/assert",
            "version": "v2.9.9",
            "source": {
                "type": "git",
                "url": "https://github.com/beberlei/assert.git",
                "reference": "124317de301b7c91d5fce34c98bba2c6925bec95"
            },
            "dist": {
                "type": "zip",
                "url": "https://api.github.com/repos/beberlei/assert/zipball/124317de301b7c91d5fce34c98bba2c6925bec95",
                "reference": "124317de301b7c91d5fce34c98bba2c6925bec95",
                "shasum": ""
            },
            "require": {
                "ext-mbstring": "*",
                "php": ">=5.3"
            },
            "require-dev": {
                "friendsofphp/php-cs-fixer": "^2.1.1",
                "phpunit/phpunit": "^4.8.35|^5.7"
            },
            "type": "library",
            "autoload": {
                "files": [
                    "lib/Assert/functions.php"
                ],
                "psr-4": {
                    "Assert\\": "lib/Assert"
                }
            },
            "notification-url": "https://packagist.org/downloads/",
            "license": [
                "BSD-2-Clause"
            ],
            "authors": [
                {
                    "name": "Benjamin Eberlei",
                    "email": "kontakt@beberlei.de",
                    "role": "Lead Developer"
                },
                {
                    "name": "Richard Quadling",
                    "email": "rquadling@gmail.com",
                    "role": "Collaborator"
                }
            ],
            "description": "Thin assertion library for input validation in business models.",
            "keywords": [
                "assert",
                "assertion",
                "validation"
            ],
            "support": {
                "issues": "https://github.com/beberlei/assert/issues",
                "source": "https://github.com/beberlei/assert/tree/v2.9.9"
            },
            "time": "2019-05-28T15:27:37+00:00"
        },
        {
            "name": "brick/math",
            "version": "0.11.0",
            "source": {
                "type": "git",
                "url": "https://github.com/brick/math.git",
                "reference": "0ad82ce168c82ba30d1c01ec86116ab52f589478"
            },
            "dist": {
                "type": "zip",
                "url": "https://api.github.com/repos/brick/math/zipball/0ad82ce168c82ba30d1c01ec86116ab52f589478",
                "reference": "0ad82ce168c82ba30d1c01ec86116ab52f589478",
                "shasum": ""
            },
            "require": {
                "php": "^8.0"
            },
            "require-dev": {
                "php-coveralls/php-coveralls": "^2.2",
                "phpunit/phpunit": "^9.0",
                "vimeo/psalm": "5.0.0"
            },
            "type": "library",
            "autoload": {
                "psr-4": {
                    "Brick\\Math\\": "src/"
                }
            },
            "notification-url": "https://packagist.org/downloads/",
            "license": [
                "MIT"
            ],
            "description": "Arbitrary-precision arithmetic library",
            "keywords": [
                "Arbitrary-precision",
                "BigInteger",
                "BigRational",
                "arithmetic",
                "bigdecimal",
                "bignum",
                "brick",
                "math"
            ],
            "support": {
                "issues": "https://github.com/brick/math/issues",
                "source": "https://github.com/brick/math/tree/0.11.0"
            },
            "funding": [
                {
                    "url": "https://github.com/BenMorel",
                    "type": "github"
                }
            ],
            "time": "2023-01-15T23:15:59+00:00"
        },
        {
            "name": "marc-mabe/php-enum",
            "version": "v4.7.0",
            "source": {
                "type": "git",
                "url": "https://github.com/marc-mabe/php-enum.git",
                "reference": "3da42cc1daceaf98c858e56f59d1ccd52b011fdc"
            },
            "dist": {
                "type": "zip",
                "url": "https://api.github.com/repos/marc-mabe/php-enum/zipball/3da42cc1daceaf98c858e56f59d1ccd52b011fdc",
                "reference": "3da42cc1daceaf98c858e56f59d1ccd52b011fdc",
                "shasum": ""
            },
            "require": {
                "ext-reflection": "*",
                "php": "^7.1 | ^8.0"
            },
            "require-dev": {
                "phpbench/phpbench": "^0.16.10 || ^1.0.4",
                "phpstan/phpstan": "^1.3.1",
                "phpunit/phpunit": "^7.5.20 | ^8.5.22 | ^9.5.11",
                "vimeo/psalm": "^4.17.0"
            },
            "type": "library",
            "extra": {
                "branch-alias": {
                    "dev-master": "4.6-dev",
                    "dev-3.x": "3.2-dev"
                }
            },
            "autoload": {
                "psr-4": {
                    "MabeEnum\\": "src/"
                },
                "classmap": [
                    "stubs/Stringable.php"
                ]
            },
            "notification-url": "https://packagist.org/downloads/",
            "license": [
                "BSD-3-Clause"
            ],
            "authors": [
                {
                    "name": "Marc Bennewitz",
                    "email": "dev@mabe.berlin",
                    "homepage": "https://mabe.berlin/",
                    "role": "Lead"
                }
            ],
            "description": "Simple and fast implementation of enumerations with native PHP",
            "homepage": "https://github.com/marc-mabe/php-enum",
            "keywords": [
                "enum",
                "enum-map",
                "enum-set",
                "enumeration",
                "enumerator",
                "enummap",
                "enumset",
                "map",
                "set",
                "type",
                "type-hint",
                "typehint"
            ],
            "support": {
                "issues": "https://github.com/marc-mabe/php-enum/issues",
                "source": "https://github.com/marc-mabe/php-enum/tree/v4.7.0"
            },
            "time": "2022-04-19T02:21:46+00:00"
        },
        {
            "name": "prooph/common",
            "version": "v4.5.2",
            "source": {
                "type": "git",
                "url": "https://github.com/prooph/common.git",
                "reference": "a72655690409344fa5a86f7e2b1442c6e78d22a2"
            },
            "dist": {
                "type": "zip",
                "url": "https://api.github.com/repos/prooph/common/zipball/a72655690409344fa5a86f7e2b1442c6e78d22a2",
                "reference": "a72655690409344fa5a86f7e2b1442c6e78d22a2",
                "shasum": ""
            },
            "require": {
                "beberlei/assert": "^2.7.1 || ^3.0",
                "php": "^7.4 || ^8.0",
                "ramsey/uuid": "4.1.2 || ^4.3"
            },
            "require-dev": {
                "php-coveralls/php-coveralls": "^2.2",
                "phpunit/phpunit": "^9.5.5",
                "prooph/bookdown-template": "^0.2.3",
                "prooph/php-cs-fixer-config": "^0.5"
            },
            "type": "library",
            "autoload": {
                "psr-4": {
                    "Prooph\\Common\\": "src"
                }
            },
            "notification-url": "https://packagist.org/downloads/",
            "license": [
                "BSD-3-Clause"
            ],
            "authors": [
                {
                    "name": "Alexander Miertsch",
                    "email": "kontakt@codeliner.ws"
                },
                {
                    "name": "Sascha-Oliver Prolic",
                    "email": "saschaprolic@googlemail.com"
                }
            ],
            "description": "Common classes used across prooph packages",
            "homepage": "http://getprooph.org/",
            "keywords": [
                "common",
                "prooph"
            ],
            "support": {
                "issues": "https://github.com/prooph/common/issues",
                "source": "https://github.com/prooph/common/tree/v4.5.2"
            },
            "time": "2022-11-04T00:55:45+00:00"
        },
        {
            "name": "prooph/event-sourcing",
            "version": "v5.7.0",
            "source": {
                "type": "git",
                "url": "https://github.com/prooph/event-sourcing.git",
                "reference": "4b8e2e50f9029f0e8006f7c3bbb5c60519f3f4f7"
            },
            "dist": {
                "type": "zip",
                "url": "https://api.github.com/repos/prooph/event-sourcing/zipball/4b8e2e50f9029f0e8006f7c3bbb5c60519f3f4f7",
                "reference": "4b8e2e50f9029f0e8006f7c3bbb5c60519f3f4f7",
                "shasum": ""
            },
            "require": {
                "php": "^7.3 || ^8.0",
                "prooph/event-store": "^7.0"
            },
            "conflict": {
                "sandrokeil/interop-config": "<2.0.1"
            },
            "require-dev": {
                "phpspec/prophecy": "^1.9",
                "phpspec/prophecy-phpunit": "^2.0",
                "phpunit/phpunit": "^9.3",
                "prooph/bookdown-template": "^0.2.3",
                "prooph/php-cs-fixer-config": "^0.4",
                "prooph/snapshot-store": "^1.2.0",
                "psr/container": "^1.0",
                "sandrokeil/interop-config": "^2.0.1",
                "satooshi/php-coveralls": "^1.0"
            },
            "suggest": {
                "prooph/snapshot-store": "For usage with snapshots"
            },
            "type": "library",
            "extra": {
                "branch-alias": {
                    "dev-master": "5.1-dev"
                }
            },
            "autoload": {
                "psr-4": {
                    "Prooph\\EventSourcing\\": "src/"
                }
            },
            "notification-url": "https://packagist.org/downloads/",
            "license": [
                "BSD-3-Clause"
            ],
            "authors": [
                {
                    "name": "Alexander Miertsch",
                    "email": "kontakt@codeliner.ws"
                },
                {
                    "name": "Sascha-Oliver Prolic",
                    "email": "saschaprolic@googlemail.com"
                }
            ],
            "description": "PHP EventSourcing library",
            "homepage": "http://getprooph.org/",
            "keywords": [
                "EventSourcing",
                "ddd",
                "prooph"
            ],
            "support": {
                "issues": "https://github.com/prooph/event-sourcing/issues",
                "source": "https://github.com/prooph/event-sourcing/tree/v5.7.0"
            },
            "time": "2021-03-22T22:39:05+00:00"
        },
        {
            "name": "prooph/event-store",
            "version": "v7.9.0",
            "source": {
                "type": "git",
                "url": "https://github.com/prooph/event-store.git",
                "reference": "ff213c26c366af90a57d369595734b6ca202f687"
            },
            "dist": {
                "type": "zip",
                "url": "https://api.github.com/repos/prooph/event-store/zipball/ff213c26c366af90a57d369595734b6ca202f687",
                "reference": "ff213c26c366af90a57d369595734b6ca202f687",
                "shasum": ""
            },
            "require": {
                "marc-mabe/php-enum": "^4.4",
                "php": "^7.4 || ^8.0",
                "prooph/common": "^4.5.2"
            },
            "conflict": {
                "beberlei/assert": "3.2.3 - 3.2.4",
                "sandrokeil/interop-config": "<2.0.1"
            },
            "require-dev": {
                "phpspec/prophecy": "^1.10.3",
                "phpspec/prophecy-phpunit": "^2.0",
                "phpunit/php-invoker": "^3.1",
                "phpunit/phpunit": "^9.3",
                "prooph/bookdown-template": "^0.2.3",
                "prooph/php-cs-fixer-config": "^0.4",
                "psr/container": "^1.0",
                "sandrokeil/interop-config": "^2.0.1",
                "satooshi/php-coveralls": "^1.0"
            },
            "suggest": {
                "prooph/event-sourcing": "Basic functionality for event sourced aggregates",
                "prooph/pdo-event-store": "For usage with MySQL or Postgres as event store",
                "prooph/service-bus": "Message bus facade to connect the event store with messaging systems",
                "psr/container": "^1.0 for usage of provided factories",
                "sandrokeil/interop-config": "For usage of provided factories"
            },
            "type": "library",
            "extra": {
                "branch-alias": {
                    "dev-master": "7.4-dev"
                }
            },
            "autoload": {
                "psr-4": {
                    "Prooph\\EventStore\\": "src/"
                }
            },
            "notification-url": "https://packagist.org/downloads/",
            "license": [
                "BSD-3-Clause"
            ],
            "authors": [
                {
                    "name": "Alexander Miertsch",
                    "email": "contact@prooph.de",
                    "homepage": "http://www.prooph.de"
                },
                {
                    "name": "Sascha-Oliver Prolic",
                    "email": "saschaprolic@googlemail.com"
                }
            ],
            "description": "PHP EventStore Implementation",
            "homepage": "http://getprooph.org/",
            "keywords": [
                "EventSourcing",
                "EventStore",
                "ddd",
                "prooph"
            ],
            "support": {
                "issues": "https://github.com/prooph/event-store/issues",
                "source": "https://github.com/prooph/event-store/tree/v7.9.0"
            },
            "time": "2023-01-14T00:32:12+00:00"
        },
        {
            "name": "prooph/event-store-bus-bridge",
            "version": "v3.4.0",
            "source": {
                "type": "git",
                "url": "https://github.com/prooph/event-store-bus-bridge.git",
                "reference": "8df1c8ab6ea3ad9254117e40af827bdd8841c7e4"
            },
            "dist": {
                "type": "zip",
                "url": "https://api.github.com/repos/prooph/event-store-bus-bridge/zipball/8df1c8ab6ea3ad9254117e40af827bdd8841c7e4",
                "reference": "8df1c8ab6ea3ad9254117e40af827bdd8841c7e4",
                "shasum": ""
            },
            "require": {
                "php": "^7.3 | ^8.0",
                "prooph/common": "^4.2.1",
                "prooph/event-store": "^7.3.1",
                "prooph/service-bus": "^6.3"
            },
            "require-dev": {
                "phpspec/prophecy": "^1.9",
                "phpspec/prophecy-phpunit": "^2.0",
                "phpunit/phpunit": "^9.3",
                "prooph/bookdown-template": "^0.2.3",
                "prooph/php-cs-fixer-config": "^0.4",
                "psr/container": "^1.0",
                "satooshi/php-coveralls": "^1.0"
            },
            "type": "library",
            "extra": {
                "branch-alias": {
                    "dev-master": "3.2-dev"
                }
            },
            "autoload": {
                "psr-4": {
                    "Prooph\\EventStoreBusBridge\\": "src/"
                }
            },
            "notification-url": "https://packagist.org/downloads/",
            "license": [
                "BSD-3-Clause"
            ],
            "authors": [
                {
                    "name": "Alexander Miertsch",
                    "email": "kontakt@codeliner.ws"
                },
                {
                    "name": "Sascha-Oliver Prolic",
                    "email": "saschaprolic@googlemail.com"
                }
            ],
            "description": "Marry CQRS with Event Sourcing",
            "homepage": "http://getprooph.org/",
            "keywords": [
                "EventSourcing",
                "cqrs",
                "prooph"
            ],
            "support": {
                "issues": "https://github.com/prooph/event-store-bus-bridge/issues",
                "source": "https://github.com/prooph/event-store-bus-bridge/tree/v3.4.0"
            },
            "time": "2021-08-26T00:11:08+00:00"
        },
        {
            "name": "prooph/pdo-event-store",
            "version": "v1.15.1",
            "source": {
                "type": "git",
                "url": "https://github.com/prooph/pdo-event-store.git",
                "reference": "118e727d9efd90ecf04d712841d67231d84c8f34"
            },
            "dist": {
                "type": "zip",
                "url": "https://api.github.com/repos/prooph/pdo-event-store/zipball/118e727d9efd90ecf04d712841d67231d84c8f34",
                "reference": "118e727d9efd90ecf04d712841d67231d84c8f34",
                "shasum": ""
            },
            "require": {
                "ext-pdo": "*",
                "php": "^7.3 | ^8.0",
                "prooph/event-store": "^v7.6"
            },
            "conflict": {
                "sandrokeil/interop-config": "<2.0.1"
            },
            "require-dev": {
                "phpspec/prophecy": "^1.9",
                "phpspec/prophecy-phpunit": "^2.0",
                "phpunit/php-invoker": "^3.1",
                "phpunit/phpunit": "^9.3",
                "prooph/bookdown-template": "^0.2.3",
                "prooph/php-cs-fixer-config": "^0.4",
                "psr/container": "^1.0",
                "sandrokeil/interop-config": "^2.0.1",
                "satooshi/php-coveralls": "^1.0"
            },
            "suggest": {
                "ext-pdo_mysql": "For usage with MySQL",
                "ext-pdo_pgsql": "For usage with PostgreSQL",
                "psr/container": "^1.0 for usage of provided factories",
                "sandrokeil/interop-config": "^2.0.1 for usage of provided factories"
            },
            "type": "library",
            "extra": {
                "branch-alias": {
                    "dev-master": "1.7-dev"
                }
            },
            "autoload": {
                "psr-4": {
                    "Prooph\\EventStore\\Pdo\\": "src/"
                }
            },
            "notification-url": "https://packagist.org/downloads/",
            "license": [
                "BSD-3-Clause"
            ],
            "authors": [
                {
                    "name": "Alexander Miertsch",
                    "email": "kontakt@codeliner.ws"
                },
                {
                    "name": "Sascha-Oliver Prolic",
                    "email": "saschaprolic@googlemail.com"
                }
            ],
            "description": "Prooph PDO EventStore",
            "homepage": "http://getprooph.org/",
            "support": {
                "issues": "https://github.com/prooph/pdo-event-store/issues",
                "source": "https://github.com/prooph/pdo-event-store/tree/v1.15.1"
            },
            "time": "2022-11-29T16:56:43+00:00"
        },
        {
            "name": "prooph/pdo-snapshot-store",
            "version": "v1.6.0",
            "source": {
                "type": "git",
                "url": "https://github.com/prooph/pdo-snapshot-store.git",
                "reference": "bd27746fa0b33af7a98ac89039ae24f310cc1305"
            },
            "dist": {
                "type": "zip",
                "url": "https://api.github.com/repos/prooph/pdo-snapshot-store/zipball/bd27746fa0b33af7a98ac89039ae24f310cc1305",
                "reference": "bd27746fa0b33af7a98ac89039ae24f310cc1305",
                "shasum": ""
            },
            "require": {
                "php": "^7.4 || ^8.0",
                "prooph/snapshot-store": "^1.1"
            },
            "conflict": {
                "sandrokeil/interop-config": "<2.0.1"
            },
            "require-dev": {
                "php-coveralls/php-coveralls": "^2.2",
                "phpspec/prophecy": "^1.10.3",
                "phpunit/phpunit": "^9.5",
                "prooph/bookdown-template": "^0.2.3",
                "prooph/php-cs-fixer-config": "^0.5",
                "psr/container": "^1.0",
                "sandrokeil/interop-config": "^2.0.1",
                "sebastian/comparator": "^4.0"
            },
            "suggest": {
                "prooph/pdo-event-store": "^1.0 For usage with MySQL or Postgres as event store",
                "prooph/snapshotter": "^2.0 Taking snapshots with ease",
                "psr/container": "^1.0 for usage of provided factories",
                "sandrokeil/interop-config": "^2.0.1 for usage of provided factories"
            },
            "type": "library",
            "extra": {
                "branch-alias": {
                    "dev-master": "1.1-dev"
                }
            },
            "autoload": {
                "psr-4": {
                    "Prooph\\SnapshotStore\\Pdo\\": "src/"
                }
            },
            "notification-url": "https://packagist.org/downloads/",
            "license": [
                "BSD-3-Clause"
            ],
            "authors": [
                {
                    "name": "Alexander Miertsch",
                    "email": "kontakt@codeliner.ws"
                },
                {
                    "name": "Sascha-Oliver Prolic",
                    "email": "saschaprolic@googlemail.com"
                }
            ],
            "description": "PDO Snapshot Store Implementation",
            "homepage": "http://getprooph.org/",
            "keywords": [
                "EventSourcing",
                "EventStore",
                "ddd",
                "prooph"
            ],
            "support": {
                "issues": "https://github.com/prooph/pdo-snapshot-store/issues",
                "source": "https://github.com/prooph/pdo-snapshot-store/tree/v1.6.0"
            },
            "time": "2022-10-03T18:56:44+00:00"
        },
        {
            "name": "prooph/service-bus",
            "version": "v6.3.0",
            "source": {
                "type": "git",
                "url": "https://github.com/prooph/service-bus.git",
                "reference": "8645e3a15d104843b5c8aeb5ce345b16be6279de"
            },
            "dist": {
                "type": "zip",
                "url": "https://api.github.com/repos/prooph/service-bus/zipball/8645e3a15d104843b5c8aeb5ce345b16be6279de",
                "reference": "8645e3a15d104843b5c8aeb5ce345b16be6279de",
                "shasum": ""
            },
            "require": {
                "php": "^7.3 | ^8.0",
                "prooph/common": "^4.0.0"
            },
            "conflict": {
                "sandrokeil/interop-config": "<2.0.1"
            },
            "require-dev": {
                "phpspec/prophecy": "^1.9",
                "phpspec/prophecy-phpunit": "^2.0",
                "phpunit/phpunit": "^9.3",
                "prooph/bookdown-template": "^0.2.3",
                "prooph/php-cs-fixer-config": "^0.4",
                "psr/container": "^1.0",
                "react/promise": "^2.4.1",
                "sandrokeil/interop-config": "^2.0.1",
                "satooshi/php-coveralls": "^1.0"
            },
            "suggest": {
                "prooph/event-store-bus-bridge": "Let the EventBus dispatch persisted DomainEvents",
                "prooph/service-bus-zfc-rbac-bridge": "Use ZfcRbac as authorization service for route and finalize guard",
                "psr/container": "^1.0 for usage of provided factories",
                "react/promise": "^2.4.1 for usage with provided QueryBus",
                "sandrokeil/interop-config": "For usage of provided factories",
                "zendframework/zend-servicemanager": "Use Zend ServiceManager to lazy load your handlers and listeners"
            },
            "type": "library",
            "autoload": {
                "psr-4": {
                    "Prooph\\ServiceBus\\": "src/"
                }
            },
            "notification-url": "https://packagist.org/downloads/",
            "license": [
                "BSD-3-Clause"
            ],
            "authors": [
                {
                    "name": "Alexander Miertsch",
                    "email": "kontakt@codeliner.ws"
                },
                {
                    "name": "Sascha-Oliver Prolic",
                    "email": "saschaprolic@googlemail.com"
                }
            ],
            "description": "PHP Enterprise Service Bus Implementation supporting CQRS and DDD",
            "homepage": "http://getprooph.org/",
            "keywords": [
                "cqrs",
                "ddd",
                "messaging",
                "prooph"
            ],
            "support": {
                "issues": "https://github.com/prooph/service-bus/issues",
                "source": "https://github.com/prooph/service-bus/tree/v6.3.0"
            },
            "time": "2021-08-25T17:08:43+00:00"
        },
        {
            "name": "prooph/snapshot-store",
            "version": "v1.4.0",
            "source": {
                "type": "git",
                "url": "https://github.com/prooph/snapshot-store.git",
                "reference": "2f84cfeb9d116974b63a1e3304c0849776c206b7"
            },
            "dist": {
                "type": "zip",
                "url": "https://api.github.com/repos/prooph/snapshot-store/zipball/2f84cfeb9d116974b63a1e3304c0849776c206b7",
                "reference": "2f84cfeb9d116974b63a1e3304c0849776c206b7",
                "shasum": ""
            },
            "require": {
                "php": "^7.1 || ^8.0",
                "prooph/common": "^4.1"
            },
            "require-dev": {
                "phpspec/prophecy": "^1.9",
                "phpunit/phpunit": "^6.0 || ^9.3",
                "prooph/bookdown-template": "^0.2.3",
                "prooph/php-cs-fixer-config": "^0.3 || ^0.4",
                "psr/container": "^1.0",
                "sandrokeil/interop-config": "^2.0.1",
                "satooshi/php-coveralls": "^1.0"
            },
            "suggest": {
                "sandrokeil/interop-config": "^2.0.1 for usage of provided factories"
            },
            "type": "library",
            "extra": {
                "branch-alias": {
                    "dev-master": "1.2-dev"
                }
            },
            "autoload": {
                "psr-4": {
                    "Prooph\\SnapshotStore\\": "src/"
                }
            },
            "notification-url": "https://packagist.org/downloads/",
            "license": [
                "BSD-3-Clause"
            ],
            "authors": [
                {
                    "name": "Alexander Miertsch",
                    "email": "contact@prooph.de",
                    "homepage": "http://www.prooph.de"
                },
                {
                    "name": "Sascha-Oliver Prolic",
                    "email": "saschaprolic@googlemail.com"
                }
            ],
            "description": "Prooph Snapshot Store",
            "homepage": "http://getprooph.org/",
            "keywords": [
                "EventSourcing",
                "ddd",
                "prooph"
            ],
            "support": {
                "issues": "https://github.com/prooph/snapshot-store/issues",
                "source": "https://github.com/prooph/snapshot-store/tree/v1.4.0"
            },
            "time": "2021-02-22T02:27:50+00:00"
        },
        {
            "name": "prooph/snapshotter",
            "version": "v2.2.0",
            "source": {
                "type": "git",
                "url": "https://github.com/prooph/snapshotter.git",
                "reference": "42b19e4b7535ab9a9761127d43f4d74dbd3f03f9"
            },
            "dist": {
                "type": "zip",
                "url": "https://api.github.com/repos/prooph/snapshotter/zipball/42b19e4b7535ab9a9761127d43f4d74dbd3f03f9",
                "reference": "42b19e4b7535ab9a9761127d43f4d74dbd3f03f9",
                "shasum": ""
            },
            "require": {
                "php": "^7.3 | ^8.0",
                "prooph/event-sourcing": "^5.0",
                "prooph/event-store": "^7.0",
                "prooph/snapshot-store": "^1.0"
            },
            "require-dev": {
                "phpspec/prophecy": "^1.9",
                "phpspec/prophecy-phpunit": "^2.0",
                "phpunit/phpunit": "^9.3",
                "prooph/bookdown-template": "^0.2.3",
                "prooph/php-cs-fixer-config": "^0.4",
                "satooshi/php-coveralls": "^1.0"
            },
            "suggest": {
                "prooph/mongodb-snapshot-store": "^1.0 for MongoDB as Snapshot Store",
                "prooph/pdo-snapshot-store": "^1.0 for PDO as Snapshot Store"
            },
            "type": "library",
            "autoload": {
                "psr-4": {
                    "Prooph\\Snapshotter\\": "src"
                }
            },
            "notification-url": "https://packagist.org/downloads/",
            "license": [
                "BSD-3-Clause"
            ],
            "authors": [
                {
                    "name": "Alexander Miertsch",
                    "email": "contact@prooph.de",
                    "homepage": "http://www.prooph.de"
                },
                {
                    "name": "Sascha-Oliver Prolic",
                    "email": "saschaprolic@googlemail.com"
                }
            ],
            "description": "snapshot tool for prooph event-store",
            "homepage": "http://getprooph.org/",
            "keywords": [
                "ddd",
                "event-sourcing",
                "event-store",
                "prooph",
                "snapshot"
            ],
            "support": {
                "issues": "https://github.com/prooph/snapshotter/issues",
                "source": "https://github.com/prooph/snapshotter/tree/v2.2.0"
            },
            "time": "2021-05-07T18:12:35+00:00"
        },
        {
            "name": "ramsey/collection",
            "version": "2.0.0",
            "source": {
                "type": "git",
                "url": "https://github.com/ramsey/collection.git",
                "reference": "a4b48764bfbb8f3a6a4d1aeb1a35bb5e9ecac4a5"
            },
            "dist": {
                "type": "zip",
                "url": "https://api.github.com/repos/ramsey/collection/zipball/a4b48764bfbb8f3a6a4d1aeb1a35bb5e9ecac4a5",
                "reference": "a4b48764bfbb8f3a6a4d1aeb1a35bb5e9ecac4a5",
                "shasum": ""
            },
            "require": {
                "php": "^8.1"
            },
            "require-dev": {
                "captainhook/plugin-composer": "^5.3",
                "ergebnis/composer-normalize": "^2.28.3",
                "fakerphp/faker": "^1.21",
                "hamcrest/hamcrest-php": "^2.0",
                "jangregor/phpstan-prophecy": "^1.0",
                "mockery/mockery": "^1.5",
                "php-parallel-lint/php-console-highlighter": "^1.0",
                "php-parallel-lint/php-parallel-lint": "^1.3",
                "phpcsstandards/phpcsutils": "^1.0.0-rc1",
                "phpspec/prophecy-phpunit": "^2.0",
                "phpstan/extension-installer": "^1.2",
                "phpstan/phpstan": "^1.9",
                "phpstan/phpstan-mockery": "^1.1",
                "phpstan/phpstan-phpunit": "^1.3",
                "phpunit/phpunit": "^9.5",
                "psalm/plugin-mockery": "^1.1",
                "psalm/plugin-phpunit": "^0.18.4",
                "ramsey/coding-standard": "^2.0.3",
                "ramsey/conventional-commits": "^1.3",
                "vimeo/psalm": "^5.4"
            },
            "type": "library",
            "extra": {
                "captainhook": {
                    "force-install": true
                },
                "ramsey/conventional-commits": {
                    "configFile": "conventional-commits.json"
                }
            },
            "autoload": {
                "psr-4": {
                    "Ramsey\\Collection\\": "src/"
                }
            },
            "notification-url": "https://packagist.org/downloads/",
            "license": [
                "MIT"
            ],
            "authors": [
                {
                    "name": "Ben Ramsey",
                    "email": "ben@benramsey.com",
                    "homepage": "https://benramsey.com"
                }
            ],
            "description": "A PHP library for representing and manipulating collections.",
            "keywords": [
                "array",
                "collection",
                "hash",
                "map",
                "queue",
                "set"
            ],
            "support": {
                "issues": "https://github.com/ramsey/collection/issues",
                "source": "https://github.com/ramsey/collection/tree/2.0.0"
            },
            "funding": [
                {
                    "url": "https://github.com/ramsey",
                    "type": "github"
                },
                {
                    "url": "https://tidelift.com/funding/github/packagist/ramsey/collection",
                    "type": "tidelift"
                }
            ],
            "time": "2022-12-31T21:50:55+00:00"
        },
        {
            "name": "ramsey/uuid",
            "version": "4.7.4",
            "source": {
                "type": "git",
                "url": "https://github.com/ramsey/uuid.git",
                "reference": "60a4c63ab724854332900504274f6150ff26d286"
            },
            "dist": {
                "type": "zip",
                "url": "https://api.github.com/repos/ramsey/uuid/zipball/60a4c63ab724854332900504274f6150ff26d286",
                "reference": "60a4c63ab724854332900504274f6150ff26d286",
                "shasum": ""
            },
            "require": {
                "brick/math": "^0.8.8 || ^0.9 || ^0.10 || ^0.11",
                "ext-json": "*",
                "php": "^8.0",
                "ramsey/collection": "^1.2 || ^2.0"
            },
            "replace": {
                "rhumsaa/uuid": "self.version"
            },
            "require-dev": {
                "captainhook/captainhook": "^5.10",
                "captainhook/plugin-composer": "^5.3",
                "dealerdirect/phpcodesniffer-composer-installer": "^0.7.0",
                "doctrine/annotations": "^1.8",
                "ergebnis/composer-normalize": "^2.15",
                "mockery/mockery": "^1.3",
                "paragonie/random-lib": "^2",
                "php-mock/php-mock": "^2.2",
                "php-mock/php-mock-mockery": "^1.3",
                "php-parallel-lint/php-parallel-lint": "^1.1",
                "phpbench/phpbench": "^1.0",
                "phpstan/extension-installer": "^1.1",
                "phpstan/phpstan": "^1.8",
                "phpstan/phpstan-mockery": "^1.1",
                "phpstan/phpstan-phpunit": "^1.1",
                "phpunit/phpunit": "^8.5 || ^9",
                "ramsey/composer-repl": "^1.4",
                "slevomat/coding-standard": "^8.4",
                "squizlabs/php_codesniffer": "^3.5",
                "vimeo/psalm": "^4.9"
            },
            "suggest": {
                "ext-bcmath": "Enables faster math with arbitrary-precision integers using BCMath.",
                "ext-gmp": "Enables faster math with arbitrary-precision integers using GMP.",
                "ext-uuid": "Enables the use of PeclUuidTimeGenerator and PeclUuidRandomGenerator.",
                "paragonie/random-lib": "Provides RandomLib for use with the RandomLibAdapter",
                "ramsey/uuid-doctrine": "Allows the use of Ramsey\\Uuid\\Uuid as Doctrine field type."
            },
            "type": "library",
            "extra": {
                "captainhook": {
                    "force-install": true
                }
            },
            "autoload": {
                "files": [
                    "src/functions.php"
                ],
                "psr-4": {
                    "Ramsey\\Uuid\\": "src/"
                }
            },
            "notification-url": "https://packagist.org/downloads/",
            "license": [
                "MIT"
            ],
            "description": "A PHP library for generating and working with universally unique identifiers (UUIDs).",
            "keywords": [
                "guid",
                "identifier",
                "uuid"
            ],
            "support": {
                "issues": "https://github.com/ramsey/uuid/issues",
                "source": "https://github.com/ramsey/uuid/tree/4.7.4"
            },
            "funding": [
                {
                    "url": "https://github.com/ramsey",
                    "type": "github"
                },
                {
                    "url": "https://tidelift.com/funding/github/packagist/ramsey/uuid",
                    "type": "tidelift"
                }
            ],
            "time": "2023-04-15T23:01:58+00:00"
        }
    ],
    "packages-dev": [],
    "aliases": [],
    "minimum-stability": "stable",
    "stability-flags": [],
    "prefer-stable": false,
    "prefer-lowest": false,
    "platform": [],
    "platform-dev": [],
    "plugin-api-version": "2.2.0"
}
